// !$*UTF8*$!
{
	archiveVersion = 1;
	classes = {
	};
	objectVersion = 46;
	objects = {

/* Begin PBXBuildFile section */
		69A8F1711DF9B37F00773396 /* AppDelegate.swift in Sources */ = {isa = PBXBuildFile; fileRef = 69A8F1701DF9B37F00773396 /* AppDelegate.swift */; };
		69A8F1731DF9B37F00773396 /* ViewController.swift in Sources */ = {isa = PBXBuildFile; fileRef = 69A8F1721DF9B37F00773396 /* ViewController.swift */; };
		69A8F1761DF9B37F00773396 /* Main.storyboard in Resources */ = {isa = PBXBuildFile; fileRef = 69A8F1741DF9B37F00773396 /* Main.storyboard */; };
		69A8F1781DF9B37F00773396 /* Assets.xcassets in Resources */ = {isa = PBXBuildFile; fileRef = 69A8F1771DF9B37F00773396 /* Assets.xcassets */; };
		69A8F17B1DF9B37F00773396 /* LaunchScreen.storyboard in Resources */ = {isa = PBXBuildFile; fileRef = 69A8F1791DF9B37F00773396 /* LaunchScreen.storyboard */; };
		69A8F1861DF9B37F00773396 /* __Tests.swift in Sources */ = {isa = PBXBuildFile; fileRef = 69A8F1851DF9B37F00773396 /* __Tests.swift */; };
		69A8F1911DF9B37F00773396 /* __UITests.swift in Sources */ = {isa = PBXBuildFile; fileRef = 69A8F1901DF9B37F00773396 /* __UITests.swift */; };
/* End PBXBuildFile section */

/* Begin PBXContainerItemProxy section */
		69A8F1821DF9B37F00773396 /* PBXContainerItemProxy */ = {
			isa = PBXContainerItemProxy;
			containerPortal = 69A8F1651DF9B37E00773396 /* Project object */;
			proxyType = 1;
			remoteGlobalIDString = 69A8F16C1DF9B37E00773396;
			remoteInfo = "微博";
		};
		69A8F18D1DF9B37F00773396 /* PBXContainerItemProxy */ = {
			isa = PBXContainerItemProxy;
			containerPortal = 69A8F1651DF9B37E00773396 /* Project object */;
			proxyType = 1;
			remoteGlobalIDString = 69A8F16C1DF9B37E00773396;
			remoteInfo = "微博";
		};
/* End PBXContainerItemProxy section */

/* Begin PBXFileReference section */
		69A8F16D1DF9B37F00773396 /* 微博.app */ = {isa = PBXFileReference; explicitFileType = wrapper.application; includeInIndex = 0; path = "微博.app"; sourceTree = BUILT_PRODUCTS_DIR; };
		69A8F1701DF9B37F00773396 /* AppDelegate.swift */ = {isa = PBXFileReference; lastKnownFileType = sourcecode.swift; path = AppDelegate.swift; sourceTree = "<group>"; };
		69A8F1721DF9B37F00773396 /* ViewController.swift */ = {isa = PBXFileReference; lastKnownFileType = sourcecode.swift; path = ViewController.swift; sourceTree = "<group>"; };
		69A8F1751DF9B37F00773396 /* Base */ = {isa = PBXFileReference; lastKnownFileType = file.storyboard; name = Base; path = Base.lproj/Main.storyboard; sourceTree = "<group>"; };
		69A8F1771DF9B37F00773396 /* Assets.xcassets */ = {isa = PBXFileReference; lastKnownFileType = folder.assetcatalog; path = Assets.xcassets; sourceTree = "<group>"; };
		69A8F17A1DF9B37F00773396 /* Base */ = {isa = PBXFileReference; lastKnownFileType = file.storyboard; name = Base; path = Base.lproj/LaunchScreen.storyboard; sourceTree = "<group>"; };
		69A8F17C1DF9B37F00773396 /* Info.plist */ = {isa = PBXFileReference; lastKnownFileType = text.plist.xml; path = Info.plist; sourceTree = "<group>"; };
		69A8F1811DF9B37F00773396 /* 微博Tests.xctest */ = {isa = PBXFileReference; explicitFileType = wrapper.cfbundle; includeInIndex = 0; path = "微博Tests.xctest"; sourceTree = BUILT_PRODUCTS_DIR; };
		69A8F1851DF9B37F00773396 /* __Tests.swift */ = {isa = PBXFileReference; lastKnownFileType = sourcecode.swift; path = __Tests.swift; sourceTree = "<group>"; };
		69A8F1871DF9B37F00773396 /* Info.plist */ = {isa = PBXFileReference; lastKnownFileType = text.plist.xml; path = Info.plist; sourceTree = "<group>"; };
		69A8F18C1DF9B37F00773396 /* 微博UITests.xctest */ = {isa = PBXFileReference; explicitFileType = wrapper.cfbundle; includeInIndex = 0; path = "微博UITests.xctest"; sourceTree = BUILT_PRODUCTS_DIR; };
		69A8F1901DF9B37F00773396 /* __UITests.swift */ = {isa = PBXFileReference; lastKnownFileType = sourcecode.swift; path = __UITests.swift; sourceTree = "<group>"; };
		69A8F1921DF9B37F00773396 /* Info.plist */ = {isa = PBXFileReference; lastKnownFileType = text.plist.xml; path = Info.plist; sourceTree = "<group>"; };
/* End PBXFileReference section */

/* Begin PBXFrameworksBuildPhase section */
		69A8F16A1DF9B37E00773396 /* Frameworks */ = {
			isa = PBXFrameworksBuildPhase;
			buildActionMask = 2147483647;
			files = (
			);
			runOnlyForDeploymentPostprocessing = 0;
		};
		69A8F17E1DF9B37F00773396 /* Frameworks */ = {
			isa = PBXFrameworksBuildPhase;
			buildActionMask = 2147483647;
			files = (
			);
			runOnlyForDeploymentPostprocessing = 0;
		};
		69A8F1891DF9B37F00773396 /* Frameworks */ = {
			isa = PBXFrameworksBuildPhase;
			buildActionMask = 2147483647;
			files = (
			);
			runOnlyForDeploymentPostprocessing = 0;
		};
/* End PBXFrameworksBuildPhase section */

/* Begin PBXGroup section */
		69A8F1641DF9B37E00773396 = {
			isa = PBXGroup;
			children = (
				69A8F16F1DF9B37F00773396 /* 微博 */,
				69A8F1841DF9B37F00773396 /* 微博Tests */,
				69A8F18F1DF9B37F00773396 /* 微博UITests */,
				69A8F16E1DF9B37F00773396 /* Products */,
			);
			sourceTree = "<group>";
		};
		69A8F16E1DF9B37F00773396 /* Products */ = {
			isa = PBXGroup;
			children = (
				69A8F16D1DF9B37F00773396 /* 微博.app */,
				69A8F1811DF9B37F00773396 /* 微博Tests.xctest */,
				69A8F18C1DF9B37F00773396 /* 微博UITests.xctest */,
			);
			name = Products;
			sourceTree = "<group>";
		};
		69A8F16F1DF9B37F00773396 /* 微博 */ = {
			isa = PBXGroup;
			children = (
				69A8F1701DF9B37F00773396 /* AppDelegate.swift */,
				69A8F1721DF9B37F00773396 /* ViewController.swift */,
				69A8F1741DF9B37F00773396 /* Main.storyboard */,
				69A8F1771DF9B37F00773396 /* Assets.xcassets */,
				69A8F1791DF9B37F00773396 /* LaunchScreen.storyboard */,
				69A8F17C1DF9B37F00773396 /* Info.plist */,
			);
			path = "微博";
			sourceTree = "<group>";
		};
		69A8F1841DF9B37F00773396 /* 微博Tests */ = {
			isa = PBXGroup;
			children = (
				69A8F1851DF9B37F00773396 /* __Tests.swift */,
				69A8F1871DF9B37F00773396 /* Info.plist */,
			);
			path = "微博Tests";
			sourceTree = "<group>";
		};
		69A8F18F1DF9B37F00773396 /* 微博UITests */ = {
			isa = PBXGroup;
			children = (
				69A8F1901DF9B37F00773396 /* __UITests.swift */,
				69A8F1921DF9B37F00773396 /* Info.plist */,
			);
			path = "微博UITests";
			sourceTree = "<group>";
		};
/* End PBXGroup section */

/* Begin PBXNativeTarget section */
		69A8F16C1DF9B37E00773396 /* 微博 */ = {
			isa = PBXNativeTarget;
			buildConfigurationList = 69A8F1951DF9B37F00773396 /* Build configuration list for PBXNativeTarget "微博" */;
			buildPhases = (
				69A8F1691DF9B37E00773396 /* Sources */,
				69A8F16A1DF9B37E00773396 /* Frameworks */,
				69A8F16B1DF9B37E00773396 /* Resources */,
			);
			buildRules = (
			);
			dependencies = (
			);
			name = "微博";
			productName = "微博";
			productReference = 69A8F16D1DF9B37F00773396 /* 微博.app */;
			productType = "com.apple.product-type.application";
		};
		69A8F1801DF9B37F00773396 /* 微博Tests */ = {
			isa = PBXNativeTarget;
			buildConfigurationList = 69A8F1981DF9B37F00773396 /* Build configuration list for PBXNativeTarget "微博Tests" */;
			buildPhases = (
				69A8F17D1DF9B37F00773396 /* Sources */,
				69A8F17E1DF9B37F00773396 /* Frameworks */,
				69A8F17F1DF9B37F00773396 /* Resources */,
			);
			buildRules = (
			);
			dependencies = (
				69A8F1831DF9B37F00773396 /* PBXTargetDependency */,
			);
			name = "微博Tests";
			productName = "微博Tests";
			productReference = 69A8F1811DF9B37F00773396 /* 微博Tests.xctest */;
			productType = "com.apple.product-type.bundle.unit-test";
		};
		69A8F18B1DF9B37F00773396 /* 微博UITests */ = {
			isa = PBXNativeTarget;
			buildConfigurationList = 69A8F19B1DF9B37F00773396 /* Build configuration list for PBXNativeTarget "微博UITests" */;
			buildPhases = (
				69A8F1881DF9B37F00773396 /* Sources */,
				69A8F1891DF9B37F00773396 /* Frameworks */,
				69A8F18A1DF9B37F00773396 /* Resources */,
			);
			buildRules = (
			);
			dependencies = (
				69A8F18E1DF9B37F00773396 /* PBXTargetDependency */,
			);
			name = "微博UITests";
			productName = "微博UITests";
			productReference = 69A8F18C1DF9B37F00773396 /* 微博UITests.xctest */;
			productType = "com.apple.product-type.bundle.ui-testing";
		};
/* End PBXNativeTarget section */

/* Begin PBXProject section */
		69A8F1651DF9B37E00773396 /* Project object */ = {
			isa = PBXProject;
			attributes = {
				LastSwiftUpdateCheck = 0810;
				LastUpgradeCheck = 0810;
				ORGANIZATIONNAME = "胡宁";
				TargetAttributes = {
					69A8F16C1DF9B37E00773396 = {
						CreatedOnToolsVersion = 8.1;
						DevelopmentTeam = 8X23ZLMK5N;
						ProvisioningStyle = Automatic;
					};
					69A8F1801DF9B37F00773396 = {
						CreatedOnToolsVersion = 8.1;
						DevelopmentTeam = 8X23ZLMK5N;
						ProvisioningStyle = Automatic;
						TestTargetID = 69A8F16C1DF9B37E00773396;
					};
					69A8F18B1DF9B37F00773396 = {
						CreatedOnToolsVersion = 8.1;
						DevelopmentTeam = 8X23ZLMK5N;
						ProvisioningStyle = Automatic;
						TestTargetID = 69A8F16C1DF9B37E00773396;
					};
				};
			};
			buildConfigurationList = 69A8F1681DF9B37E00773396 /* Build configuration list for PBXProject "微博" */;
			compatibilityVersion = "Xcode 3.2";
			developmentRegion = English;
			hasScannedForEncodings = 0;
			knownRegions = (
				en,
				Base,
			);
			mainGroup = 69A8F1641DF9B37E00773396;
			productRefGroup = 69A8F16E1DF9B37F00773396 /* Products */;
			projectDirPath = "";
			projectRoot = "";
			targets = (
				69A8F16C1DF9B37E00773396 /* 微博 */,
				69A8F1801DF9B37F00773396 /* 微博Tests */,
				69A8F18B1DF9B37F00773396 /* 微博UITests */,
			);
		};
/* End PBXProject section */

/* Begin PBXResourcesBuildPhase section */
		69A8F16B1DF9B37E00773396 /* Resources */ = {
			isa = PBXResourcesBuildPhase;
			buildActionMask = 2147483647;
			files = (
				69A8F17B1DF9B37F00773396 /* LaunchScreen.storyboard in Resources */,
				69A8F1781DF9B37F00773396 /* Assets.xcassets in Resources */,
				69A8F1761DF9B37F00773396 /* Main.storyboard in Resources */,
			);
			runOnlyForDeploymentPostprocessing = 0;
		};
		69A8F17F1DF9B37F00773396 /* Resources */ = {
			isa = PBXResourcesBuildPhase;
			buildActionMask = 2147483647;
			files = (
			);
			runOnlyForDeploymentPostprocessing = 0;
		};
		69A8F18A1DF9B37F00773396 /* Resources */ = {
			isa = PBXResourcesBuildPhase;
			buildActionMask = 2147483647;
			files = (
			);
			runOnlyForDeploymentPostprocessing = 0;
		};
/* End PBXResourcesBuildPhase section */

/* Begin PBXSourcesBuildPhase section */
		69A8F1691DF9B37E00773396 /* Sources */ = {
			isa = PBXSourcesBuildPhase;
			buildActionMask = 2147483647;
			files = (
				69A8F1731DF9B37F00773396 /* ViewController.swift in Sources */,
				69A8F1711DF9B37F00773396 /* AppDelegate.swift in Sources */,
			);
			runOnlyForDeploymentPostprocessing = 0;
		};
		69A8F17D1DF9B37F00773396 /* Sources */ = {
			isa = PBXSourcesBuildPhase;
			buildActionMask = 2147483647;
			files = (
				69A8F1861DF9B37F00773396 /* __Tests.swift in Sources */,
			);
			runOnlyForDeploymentPostprocessing = 0;
		};
		69A8F1881DF9B37F00773396 /* Sources */ = {
			isa = PBXSourcesBuildPhase;
			buildActionMask = 2147483647;
			files = (
				69A8F1911DF9B37F00773396 /* __UITests.swift in Sources */,
			);
			runOnlyForDeploymentPostprocessing = 0;
		};
/* End PBXSourcesBuildPhase section */

/* Begin PBXTargetDependency section */
		69A8F1831DF9B37F00773396 /* PBXTargetDependency */ = {
			isa = PBXTargetDependency;
			target = 69A8F16C1DF9B37E00773396 /* 微博 */;
			targetProxy = 69A8F1821DF9B37F00773396 /* PBXContainerItemProxy */;
		};
		69A8F18E1DF9B37F00773396 /* PBXTargetDependency */ = {
			isa = PBXTargetDependency;
			target = 69A8F16C1DF9B37E00773396 /* 微博 */;
			targetProxy = 69A8F18D1DF9B37F00773396 /* PBXContainerItemProxy */;
		};
/* End PBXTargetDependency section */

/* Begin PBXVariantGroup section */
		69A8F1741DF9B37F00773396 /* Main.storyboard */ = {
			isa = PBXVariantGroup;
			children = (
				69A8F1751DF9B37F00773396 /* Base */,
			);
			name = Main.storyboard;
			sourceTree = "<group>";
		};
		69A8F1791DF9B37F00773396 /* LaunchScreen.storyboard */ = {
			isa = PBXVariantGroup;
			children = (
				69A8F17A1DF9B37F00773396 /* Base */,
			);
			name = LaunchScreen.storyboard;
			sourceTree = "<group>";
		};
/* End PBXVariantGroup section */

/* Begin XCBuildConfiguration section */
		69A8F1931DF9B37F00773396 /* Debug */ = {
			isa = XCBuildConfiguration;
			buildSettings = {
				ALWAYS_SEARCH_USER_PATHS = NO;
				CLANG_ANALYZER_NONNULL = YES;
				CLANG_CXX_LANGUAGE_STANDARD = "gnu++0x";
				CLANG_CXX_LIBRARY = "libc++";
				CLANG_ENABLE_MODULES = YES;
				CLANG_ENABLE_OBJC_ARC = YES;
				CLANG_WARN_BOOL_CONVERSION = YES;
				CLANG_WARN_CONSTANT_CONVERSION = YES;
				CLANG_WARN_DIRECT_OBJC_ISA_USAGE = YES_ERROR;
				CLANG_WARN_DOCUMENTATION_COMMENTS = YES;
				CLANG_WARN_EMPTY_BODY = YES;
				CLANG_WARN_ENUM_CONVERSION = YES;
				CLANG_WARN_INFINITE_RECURSION = YES;
				CLANG_WARN_INT_CONVERSION = YES;
				CLANG_WARN_OBJC_ROOT_CLASS = YES_ERROR;
				CLANG_WARN_SUSPICIOUS_MOVES = YES;
				CLANG_WARN_UNREACHABLE_CODE = YES;
				CLANG_WARN__DUPLICATE_METHOD_MATCH = YES;
				"CODE_SIGN_IDENTITY[sdk=iphoneos*]" = "iPhone Developer";
				COPY_PHASE_STRIP = NO;
				DEBUG_INFORMATION_FORMAT = dwarf;
				ENABLE_STRICT_OBJC_MSGSEND = YES;
				ENABLE_TESTABILITY = YES;
				GCC_C_LANGUAGE_STANDARD = gnu99;
				GCC_DYNAMIC_NO_PIC = NO;
				GCC_NO_COMMON_BLOCKS = YES;
				GCC_OPTIMIZATION_LEVEL = 0;
				GCC_PREPROCESSOR_DEFINITIONS = (
					"DEBUG=1",
					"$(inherited)",
				);
				GCC_WARN_64_TO_32_BIT_CONVERSION = YES;
				GCC_WARN_ABOUT_RETURN_TYPE = YES_ERROR;
				GCC_WARN_UNDECLARED_SELECTOR = YES;
				GCC_WARN_UNINITIALIZED_AUTOS = YES_AGGRESSIVE;
				GCC_WARN_UNUSED_FUNCTION = YES;
				GCC_WARN_UNUSED_VARIABLE = YES;
				IPHONEOS_DEPLOYMENT_TARGET = 10.1;
				MTL_ENABLE_DEBUG_INFO = YES;
				ONLY_ACTIVE_ARCH = YES;
				SDKROOT = iphoneos;
				SWIFT_ACTIVE_COMPILATION_CONDITIONS = DEBUG;
				SWIFT_OPTIMIZATION_LEVEL = "-Onone";
			};
			name = Debug;
		};
		69A8F1941DF9B37F00773396 /* Release */ = {
			isa = XCBuildConfiguration;
			buildSettings = {
				ALWAYS_SEARCH_USER_PATHS = NO;
				CLANG_ANALYZER_NONNULL = YES;
				CLANG_CXX_LANGUAGE_STANDARD = "gnu++0x";
				CLANG_CXX_LIBRARY = "libc++";
				CLANG_ENABLE_MODULES = YES;
				CLANG_ENABLE_OBJC_ARC = YES;
				CLANG_WARN_BOOL_CONVERSION = YES;
				CLANG_WARN_CONSTANT_CONVERSION = YES;
				CLANG_WARN_DIRECT_OBJC_ISA_USAGE = YES_ERROR;
				CLANG_WARN_DOCUMENTATION_COMMENTS = YES;
				CLANG_WARN_EMPTY_BODY = YES;
				CLANG_WARN_ENUM_CONVERSION = YES;
				CLANG_WARN_INFINITE_RECURSION = YES;
				CLANG_WARN_INT_CONVERSION = YES;
				CLANG_WARN_OBJC_ROOT_CLASS = YES_ERROR;
				CLANG_WARN_SUSPICIOUS_MOVES = YES;
				CLANG_WARN_UNREACHABLE_CODE = YES;
				CLANG_WARN__DUPLICATE_METHOD_MATCH = YES;
				"CODE_SIGN_IDENTITY[sdk=iphoneos*]" = "iPhone Developer";
				COPY_PHASE_STRIP = NO;
				DEBUG_INFORMATION_FORMAT = "dwarf-with-dsym";
				ENABLE_NS_ASSERTIONS = NO;
				ENABLE_STRICT_OBJC_MSGSEND = YES;
				GCC_C_LANGUAGE_STANDARD = gnu99;
				GCC_NO_COMMON_BLOCKS = YES;
				GCC_WARN_64_TO_32_BIT_CONVERSION = YES;
				GCC_WARN_ABOUT_RETURN_TYPE = YES_ERROR;
				GCC_WARN_UNDECLARED_SELECTOR = YES;
				GCC_WARN_UNINITIALIZED_AUTOS = YES_AGGRESSIVE;
				GCC_WARN_UNUSED_FUNCTION = YES;
				GCC_WARN_UNUSED_VARIABLE = YES;
				IPHONEOS_DEPLOYMENT_TARGET = 10.1;
				MTL_ENABLE_DEBUG_INFO = NO;
				SDKROOT = iphoneos;
				SWIFT_OPTIMIZATION_LEVEL = "-Owholemodule";
				VALIDATE_PRODUCT = YES;
			};
			name = Release;
		};
		69A8F1961DF9B37F00773396 /* Debug */ = {
			isa = XCBuildConfiguration;
			buildSettings = {
				ASSETCATALOG_COMPILER_APPICON_NAME = AppIcon;
				DEVELOPMENT_TEAM = 8X23ZLMK5N;
				INFOPLIST_FILE = "微博/Info.plist";
				LD_RUNPATH_SEARCH_PATHS = "$(inherited) @executable_path/Frameworks";
				PRODUCT_BUNDLE_IDENTIFIER = "hn.--";
				PRODUCT_NAME = "$(TARGET_NAME)";
				SWIFT_VERSION = 3.0;
			};
			name = Debug;
		};
		69A8F1971DF9B37F00773396 /* Release */ = {
			isa = XCBuildConfiguration;
			buildSettings = {
				ASSETCATALOG_COMPILER_APPICON_NAME = AppIcon;
				DEVELOPMENT_TEAM = 8X23ZLMK5N;
				INFOPLIST_FILE = "微博/Info.plist";
				LD_RUNPATH_SEARCH_PATHS = "$(inherited) @executable_path/Frameworks";
				PRODUCT_BUNDLE_IDENTIFIER = "hn.--";
				PRODUCT_NAME = "$(TARGET_NAME)";
				SWIFT_VERSION = 3.0;
			};
			name = Release;
		};
		69A8F1991DF9B37F00773396 /* Debug */ = {
			isa = XCBuildConfiguration;
			buildSettings = {
				ALWAYS_EMBED_SWIFT_STANDARD_LIBRARIES = YES;
				BUNDLE_LOADER = "$(TEST_HOST)";
				DEVELOPMENT_TEAM = 8X23ZLMK5N;
				INFOPLIST_FILE = "微博Tests/Info.plist";
				LD_RUNPATH_SEARCH_PATHS = "$(inherited) @executable_path/Frameworks @loader_path/Frameworks";
				PRODUCT_BUNDLE_IDENTIFIER = "hn.--Tests";
				PRODUCT_NAME = "$(TARGET_NAME)";
				SWIFT_VERSION = 3.0;
				TEST_HOST = "$(BUILT_PRODUCTS_DIR)/微博.app/微博";
			};
			name = Debug;
		};
		69A8F19A1DF9B37F00773396 /* Release */ = {
			isa = XCBuildConfiguration;
			buildSettings = {
				ALWAYS_EMBED_SWIFT_STANDARD_LIBRARIES = YES;
				BUNDLE_LOADER = "$(TEST_HOST)";
				DEVELOPMENT_TEAM = 8X23ZLMK5N;
				INFOPLIST_FILE = "微博Tests/Info.plist";
				LD_RUNPATH_SEARCH_PATHS = "$(inherited) @executable_path/Frameworks @loader_path/Frameworks";
				PRODUCT_BUNDLE_IDENTIFIER = "hn.--Tests";
				PRODUCT_NAME = "$(TARGET_NAME)";
				SWIFT_VERSION = 3.0;
				TEST_HOST = "$(BUILT_PRODUCTS_DIR)/微博.app/微博";
			};
			name = Release;
		};
		69A8F19C1DF9B37F00773396 /* Debug */ = {
			isa = XCBuildConfiguration;
			buildSettings = {
				ALWAYS_EMBED_SWIFT_STANDARD_LIBRARIES = YES;
				DEVELOPMENT_TEAM = 8X23ZLMK5N;
				INFOPLIST_FILE = "微博UITests/Info.plist";
				LD_RUNPATH_SEARCH_PATHS = "$(inherited) @executable_path/Frameworks @loader_path/Frameworks";
				PRODUCT_BUNDLE_IDENTIFIER = "hn.--UITests";
				PRODUCT_NAME = "$(TARGET_NAME)";
				SWIFT_VERSION = 3.0;
				TEST_TARGET_NAME = "微博";
			};
			name = Debug;
		};
		69A8F19D1DF9B37F00773396 /* Release */ = {
			isa = XCBuildConfiguration;
			buildSettings = {
				ALWAYS_EMBED_SWIFT_STANDARD_LIBRARIES = YES;
				DEVELOPMENT_TEAM = 8X23ZLMK5N;
				INFOPLIST_FILE = "微博UITests/Info.plist";
				LD_RUNPATH_SEARCH_PATHS = "$(inherited) @executable_path/Frameworks @loader_path/Frameworks";
				PRODUCT_BUNDLE_IDENTIFIER = "hn.--UITests";
				PRODUCT_NAME = "$(TARGET_NAME)";
				SWIFT_VERSION = 3.0;
				TEST_TARGET_NAME = "微博";
			};
			name = Release;
		};
/* End XCBuildConfiguration section */

/* Begin XCConfigurationList section */
		69A8F1681DF9B37E00773396 /* Build configuration list for PBXProject "微博" */ = {
			isa = XCConfigurationList;
			buildConfigurations = (
				69A8F1931DF9B37F00773396 /* Debug */,
				69A8F1941DF9B37F00773396 /* Release */,
			);
			defaultConfigurationIsVisible = 0;
			defaultConfigurationName = Release;
		};
		69A8F1951DF9B37F00773396 /* Build configuration list for PBXNativeTarget "微博" */ = {
			isa = XCConfigurationList;
			buildConfigurations = (
				69A8F1961DF9B37F00773396 /* Debug */,
				69A8F1971DF9B37F00773396 /* Release */,
			);
			defaultConfigurationIsVisible = 0;
		};
		69A8F1981DF9B37F00773396 /* Build configuration list for PBXNativeTarget "微博Tests" */ = {
			isa = XCConfigurationList;
			buildConfigurations = (
				69A8F1991DF9B37F00773396 /* Debug */,
				69A8F19A1DF9B37F00773396 /* Release */,
			);
			defaultConfigurationIsVisible = 0;
		};
		69A8F19B1DF9B37F00773396 /* Build configuration list for PBXNativeTarget "微博UITests" */ = {
			isa = XCConfigurationList;
			buildConfigurations = (
				69A8F19C1DF9B37F00773396 /* Debug */,
				69A8F19D1DF9B37F00773396 /* Release */,
			);
			defaultConfigurationIsVisible = 0;
		};
/* End XCConfigurationList section */
	};
	rootObject = 69A8F1651DF9B37E00773396 /* Project object */;
}
